
Microsoft Visual Studio Solution File, Format Version 12.00
# Visual Studio Version 17
VisualStudioVersion = 17.10.35004.147
MinimumVisualStudioVersion = 10.0.40219.1
Project("{9A19103F-16F7-4668-BE54-9A1E7A4F7556}") = "CompanyEmployees", "CompanyEmployees\CompanyEmployees.csproj", "{B4691201-40EE-43BF-B14C-D604D5676DA1}"
	ProjectSection(ProjectDependencies) = postProject
		{FFDEAF5C-6050-4E72-9095-6291D9001B93} = {FFDEAF5C-6050-4E72-9095-6291D9001B93}
	EndProjectSection
EndProject
Project("{9A19103F-16F7-4668-BE54-9A1E7A4F7556}") = "Contracts", "Contracts\Contracts.csproj", "{42741F28-2ECE-45F4-AA91-A1FC13308DD5}"
EndProject
Project("{9A19103F-16F7-4668-BE54-9A1E7A4F7556}") = "LoggerService", "LoggerService\LoggerService.csproj", "{FFDEAF5C-6050-4E72-9095-6291D9001B93}"
	ProjectSection(ProjectDependencies) = postProject
		{42741F28-2ECE-45F4-AA91-A1FC13308DD5} = {42741F28-2ECE-45F4-AA91-A1FC13308DD5}
	EndProjectSection
EndProject
Project("{9A19103F-16F7-4668-BE54-9A1E7A4F7556}") = "Entities", "Entities\Entities.csproj", "{9B7E2C52-FCDC-4625-BCDC-44E458E8C562}"
EndProject
Project("{9A19103F-16F7-4668-BE54-9A1E7A4F7556}") = "Repository", "Repository\Repository.csproj", "{C1A4199A-DB36-493C-A861-B07CB8D8F2DE}"
EndProject
Project("{9A19103F-16F7-4668-BE54-9A1E7A4F7556}") = "Service.Contracts", "Service.Contracts\Service.Contracts.csproj", "{78EE1681-83DD-4294-8CD1-337A7EAA8805}"
EndProject
Project("{9A19103F-16F7-4668-BE54-9A1E7A4F7556}") = "Service", "Service\Service.csproj", "{6654F4A6-11F7-4EBF-9D5E-9300484936D8}"
EndProject
Project("{9A19103F-16F7-4668-BE54-9A1E7A4F7556}") = "CompanyEmployees.Presentation", "CompanyEmployees.Presentation\CompanyEmployees.Presentation.csproj", "{8309CEBB-F0D6-4587-87A9-0EDC37818451}"
EndProject
Project("{FAE04EC0-301F-11D3-BF4B-00C04F79EFBC}") = "Shared", "Shared\Shared.csproj", "{94C65476-4DF7-436A-B580-9E7A3E91FE3C}"
EndProject
Global
	GlobalSection(SolutionConfigurationPlatforms) = preSolution
		Debug|Any CPU = Debug|Any CPU
		Release|Any CPU = Release|Any CPU
	EndGlobalSection
	GlobalSection(ProjectConfigurationPlatforms) = postSolution
		{B4691201-40EE-43BF-B14C-D604D5676DA1}.Debug|Any CPU.ActiveCfg = Debug|Any CPU
		{B4691201-40EE-43BF-B14C-D604D5676DA1}.Debug|Any CPU.Build.0 = Debug|Any CPU
		{B4691201-40EE-43BF-B14C-D604D5676DA1}.Release|Any CPU.ActiveCfg = Release|Any CPU
		{B4691201-40EE-43BF-B14C-D604D5676DA1}.Release|Any CPU.Build.0 = Release|Any CPU
		{42741F28-2ECE-45F4-AA91-A1FC13308DD5}.Debug|Any CPU.ActiveCfg = Debug|Any CPU
		{42741F28-2ECE-45F4-AA91-A1FC13308DD5}.Debug|Any CPU.Build.0 = Debug|Any CPU
		{42741F28-2ECE-45F4-AA91-A1FC13308DD5}.Release|Any CPU.ActiveCfg = Release|Any CPU
		{42741F28-2ECE-45F4-AA91-A1FC13308DD5}.Release|Any CPU.Build.0 = Release|Any CPU
		{FFDEAF5C-6050-4E72-9095-6291D9001B93}.Debug|Any CPU.ActiveCfg = Debug|Any CPU
		{FFDEAF5C-6050-4E72-9095-6291D9001B93}.Debug|Any CPU.Build.0 = Debug|Any CPU
		{FFDEAF5C-6050-4E72-9095-6291D9001B93}.Release|Any CPU.ActiveCfg = Release|Any CPU
		{FFDEAF5C-6050-4E72-9095-6291D9001B93}.Release|Any CPU.Build.0 = Release|Any CPU
		{9B7E2C52-FCDC-4625-BCDC-44E458E8C562}.Debug|Any CPU.ActiveCfg = Debug|Any CPU
		{9B7E2C52-FCDC-4625-BCDC-44E458E8C562}.Debug|Any CPU.Build.0 = Debug|Any CPU
		{9B7E2C52-FCDC-4625-BCDC-44E458E8C562}.Release|Any CPU.ActiveCfg = Release|Any CPU
		{9B7E2C52-FCDC-4625-BCDC-44E458E8C562}.Release|Any CPU.Build.0 = Release|Any CPU
		{C1A4199A-DB36-493C-A861-B07CB8D8F2DE}.Debug|Any CPU.ActiveCfg = Debug|Any CPU
		{C1A4199A-DB36-493C-A861-B07CB8D8F2DE}.Debug|Any CPU.Build.0 = Debug|Any CPU
		{C1A4199A-DB36-493C-A861-B07CB8D8F2DE}.Release|Any CPU.ActiveCfg = Release|Any CPU
		{C1A4199A-DB36-493C-A861-B07CB8D8F2DE}.Release|Any CPU.Build.0 = Release|Any CPU
		{78EE1681-83DD-4294-8CD1-337A7EAA8805}.Debug|Any CPU.ActiveCfg = Debug|Any CPU
		{78EE1681-83DD-4294-8CD1-337A7EAA8805}.Debug|Any CPU.Build.0 = Debug|Any CPU
		{78EE1681-83DD-4294-8CD1-337A7EAA8805}.Release|Any CPU.ActiveCfg = Release|Any CPU
		{78EE1681-83DD-4294-8CD1-337A7EAA8805}.Release|Any CPU.Build.0 = Release|Any CPU
		{6654F4A6-11F7-4EBF-9D5E-9300484936D8}.Debug|Any CPU.ActiveCfg = Debug|Any CPU
		{6654F4A6-11F7-4EBF-9D5E-9300484936D8}.Debug|Any CPU.Build.0 = Debug|Any CPU
		{6654F4A6-11F7-4EBF-9D5E-9300484936D8}.Release|Any CPU.ActiveCfg = Release|Any CPU
		{6654F4A6-11F7-4EBF-9D5E-9300484936D8}.Release|Any CPU.Build.0 = Release|Any CPU
		{8309CEBB-F0D6-4587-87A9-0EDC37818451}.Debug|Any CPU.ActiveCfg = Debug|Any CPU
		{8309CEBB-F0D6-4587-87A9-0EDC37818451}.Debug|Any CPU.Build.0 = Debug|Any CPU
		{8309CEBB-F0D6-4587-87A9-0EDC37818451}.Release|Any CPU.ActiveCfg = Release|Any CPU
		{8309CEBB-F0D6-4587-87A9-0EDC37818451}.Release|Any CPU.Build.0 = Release|Any CPU
		{94C65476-4DF7-436A-B580-9E7A3E91FE3C}.Debug|Any CPU.ActiveCfg = Debug|Any CPU
		{94C65476-4DF7-436A-B580-9E7A3E91FE3C}.Debug|Any CPU.Build.0 = Debug|Any CPU
		{94C65476-4DF7-436A-B580-9E7A3E91FE3C}.Release|Any CPU.ActiveCfg = Release|Any CPU
		{94C65476-4DF7-436A-B580-9E7A3E91FE3C}.Release|Any CPU.Build.0 = Release|Any CPU
	EndGlobalSection
	GlobalSection(SolutionProperties) = preSolution
		HideSolutionNode = FALSE
	EndGlobalSection
	GlobalSection(ExtensibilityGlobals) = postSolution
		SolutionGuid = {DA831848-1C4C-4E43-9F6F-D85BB04A37E9}
	EndGlobalSection
EndGlobal
